
Microsoft Visual Studio Solution File, Format Version 12.00
# Visual Studio 14
VisualStudioVersion = 14.0.24720.0
MinimumVisualStudioVersion = 10.0.40219.1
Project("{FAE04EC0-301F-11D3-BF4B-00C04F79EFBC}") = "BugGuardian.MVC", "BugGuardian.MVC\BugGuardian.MVC.csproj", "{B62A1EC4-9DCF-4A62-BCBA-82EFCF1D4D68}"
EndProject
Project("{2150E333-8FDC-42A3-9474-1A3956D46DE8}") = "TestApp", "TestApp", "{EC32A5C6-98B6-4FBF-8FAD-DA915EAAF70F}"
EndProject
Project("{FAE04EC0-301F-11D3-BF4B-00C04F79EFBC}") = "BugGuardian.MVC.TestWebApp", "TestApp\BugGuardian.MVC.TestWebApp\BugGuardian.MVC.TestWebApp.csproj", "{FEDBB6A6-2207-48F0-90C0-2C8BEF95A65E}"
EndProject
Global
	GlobalSection(SolutionConfigurationPlatforms) = preSolution
		Debug|Any CPU = Debug|Any CPU
		Release|Any CPU = Release|Any CPU
	EndGlobalSection
	GlobalSection(ProjectConfigurationPlatforms) = postSolution
		{B62A1EC4-9DCF-4A62-BCBA-82EFCF1D4D68}.Debug|Any CPU.ActiveCfg = Debug|Any CPU
		{B62A1EC4-9DCF-4A62-BCBA-82EFCF1D4D68}.Debug|Any CPU.Build.0 = Debug|Any CPU
		{B62A1EC4-9DCF-4A62-BCBA-82EFCF1D4D68}.Release|Any CPU.ActiveCfg = Release|Any CPU
		{B62A1EC4-9DCF-4A62-BCBA-82EFCF1D4D68}.Release|Any CPU.Build.0 = Release|Any CPU
		{FEDBB6A6-2207-48F0-90C0-2C8BEF95A65E}.Debug|Any CPU.ActiveCfg = Debug|Any CPU
		{FEDBB6A6-2207-48F0-90C0-2C8BEF95A65E}.Debug|Any CPU.Build.0 = Debug|Any CPU
		{FEDBB6A6-2207-48F0-90C0-2C8BEF95A65E}.Release|Any CPU.ActiveCfg = Release|Any CPU
		{FEDBB6A6-2207-48F0-90C0-2C8BEF95A65E}.Release|Any CPU.Build.0 = Release|Any CPU
	EndGlobalSection
	GlobalSection(SolutionProperties) = preSolution
		HideSolutionNode = FALSE
	EndGlobalSection
	GlobalSection(NestedProjects) = preSolution
		{FEDBB6A6-2207-48F0-90C0-2C8BEF95A65E} = {EC32A5C6-98B6-4FBF-8FAD-DA915EAAF70F}
	EndGlobalSection
EndGlobal
